{
  "name": "spindoctor",
  "version": "0.0.1",
  "lockfileVersion": 1,
  "requires": true,
  "dependencies": {
    "alawmulaw": {
      "version": "6.0.0",
      "resolved": "https://registry.npmjs.org/alawmulaw/-/alawmulaw-6.0.0.tgz",
      "integrity": "sha512-1aQJZX2Ax5X7Bq9j9Wkv0gczxexnkshlNNxTc0sD5DjAb+NIgfHkI3rpnjSgr6pK1s4V0Z7viBgE9/FHcIwkyw=="
    }
  }
}
